
Microsoft Visual Studio Solution File, Format Version 12.00
# Visual Studio Version 17
VisualStudioVersion = 17.3.32811.315
MinimumVisualStudioVersion = 10.0.40219.1
Project("{9A19103F-16F7-4668-BE54-9A1E7A4F7556}") = "Ejercicio I01 - Máximo, mínimo y promedio", "Ejercicio I01 - Máximo, mínimo y promedio\Ejercicio I01 - Máximo, mínimo y promedio.csproj", "{1760115D-8801-4CCE-A296-C471410F7428}"
EndProject
Project("{2150E333-8FDC-42A3-9474-1A3956D46DE8}") = "Clase 1", "Clase 1", "{F5A2DBBE-CAE8-44E5-B3EC-9555315E36B7}"
EndProject
Project("{9A19103F-16F7-4668-BE54-9A1E7A4F7556}") = "Anotaciones [Clase 1]", "Anotaciones [Clase 1]\Anotaciones [Clase 1].csproj", "{7204FAB1-BE82-488E-8A0A-3AD6967446C2}"
EndProject
Project("{2150E333-8FDC-42A3-9474-1A3956D46DE8}") = "Clase 2", "Clase 2", "{D7A2BFF7-0522-42C2-BA0E-6D88CA232321}"
EndProject
Project("{9A19103F-16F7-4668-BE54-9A1E7A4F7556}") = "Anotaciones [Clase 2]", "Anotaciones [Clase 2]\Anotaciones [Clase 2].csproj", "{5ADDCC1B-7CB6-455E-A54B-D15F5ABF9483}"
EndProject
Project("{9A19103F-16F7-4668-BE54-9A1E7A4F7556}") = "Ejercicio I01 - Creo que necesito un préstamo", "Ejercicio I01 - Creo que necesito un préstamo\Ejercicio I01 - Creo que necesito un préstamo.csproj", "{A0668F84-0EE7-49FE-8BA8-B3A247263724}"
EndProject
Project("{9A19103F-16F7-4668-BE54-9A1E7A4F7556}") = "BibliotecaDeClases", "BibliotecaDeClases\BibliotecaDeClases.csproj", "{4A3EB6C7-0500-4DAE-9891-761F7A66CD7A}"
EndProject
Project("{9A19103F-16F7-4668-BE54-9A1E7A4F7556}") = "Ejercicio I02 - Vos cuántas primaveras tenés", "Ejercicio I02 - Vos cuántas primaveras tenés\Ejercicio I02 - Vos cuántas primaveras tenés.csproj", "{5612EDF0-9ABE-4E24-8336-402ABB29D42B}"
EndProject
Project("{9A19103F-16F7-4668-BE54-9A1E7A4F7556}") = "Ejercicio I03 - El ejemplo universal", "Ejercicio I03 - El ejemplo universal\Ejercicio I03 - El ejemplo universal.csproj", "{F8E564EE-86B7-4F32-BCB3-87D434C370AB}"
EndProject
Project("{2150E333-8FDC-42A3-9474-1A3956D46DE8}") = "Clase 3", "Clase 3", "{AB2E66C9-39BD-4BC7-9B9A-3C88EE811809}"
EndProject
Project("{9A19103F-16F7-4668-BE54-9A1E7A4F7556}") = "Biblioteca", "Biblioteca\Biblioteca.csproj", "{DBC8B703-6D65-42BB-953A-B4F3E77B4741}"
EndProject
Project("{9A19103F-16F7-4668-BE54-9A1E7A4F7556}") = "Anotaciones [Clase 3]", "Anotaciones [Clase 3]\Anotaciones [Clase 3].csproj", "{C247BD03-8988-434B-AB87-69AE2E72430C}"
EndProject
Project("{2150E333-8FDC-42A3-9474-1A3956D46DE8}") = "Clase 4", "Clase 4", "{C583FB42-C8F3-4A42-832F-104570AAACB5}"
EndProject
Project("{9A19103F-16F7-4668-BE54-9A1E7A4F7556}") = "Ejercicio I01 - Validador de rangos", "Ejercicio I01 - Validador de rangos\Ejercicio I01 - Validador de rangos.csproj", "{EBFAB012-D5A0-4D45-9410-441F97C04620}"
EndProject
Project("{9A19103F-16F7-4668-BE54-9A1E7A4F7556}") = "BibliotecaValidadora", "BibliotecaValidadora\BibliotecaValidadora.csproj", "{65B24B21-0498-4978-B958-77909019D806}"
EndProject
Project("{9A19103F-16F7-4668-BE54-9A1E7A4F7556}") = "Ejercicio I02 - ¿Desea continuar", "Ejercicio I02 - ¿Desea continuar\Ejercicio I02 - ¿Desea continuar.csproj", "{E0A39BD1-DC83-4EF0-A2ED-7C0A6F7CE2A2}"
EndProject
Project("{9A19103F-16F7-4668-BE54-9A1E7A4F7556}") = "Entidades", "EjerEncap1\Entidades\Entidades.csproj", "{747C0E06-C36E-4959-8896-F349682D205D}"
EndProject
Project("{9A19103F-16F7-4668-BE54-9A1E7A4F7556}") = "EjerEncap1", "EjerEncap1\EjerEncap1\EjerEncap1.csproj", "{CE10D235-8158-438C-AFF7-DDA0352D23CD}"
EndProject
Project("{9A19103F-16F7-4668-BE54-9A1E7A4F7556}") = "Ejercicio I04 - Invento argentino", "Ejercicio I04 - Invento argentino\Ejercicio I04 - Invento argentino.csproj", "{5399E7EB-D293-4C69-94DE-595305BDA194}"
EndProject
Project("{2150E333-8FDC-42A3-9474-1A3956D46DE8}") = "Clase 5", "Clase 5", "{184CE08B-C201-4C01-A49A-A075224D0BEA}"
EndProject
Project("{9A19103F-16F7-4668-BE54-9A1E7A4F7556}") = "Ejercicio 01 – La máquina expendora", "Ejercicio 01 – La máquina expendora\Ejercicio 01 – La máquina expendora.csproj", "{137069D2-F6EF-4814-8D5C-EC69F845D7DC}"
EndProject
Project("{2150E333-8FDC-42A3-9474-1A3956D46DE8}") = "Clase 6", "Clase 6", "{8FF1936E-668A-4B4F-9C47-06E301194878}"
EndProject
Project("{9A19103F-16F7-4668-BE54-9A1E7A4F7556}") = "Ejercicio I01 - ¡Hola, Windows Forms!", "Ejercicio I01 - ¡Hola, Windows Forms!\Ejercicio I01 - ¡Hola, Windows Forms!.csproj", "{D7B7A67E-A836-4888-AFF6-0AD2DBD0CAAC}"
EndProject
Project("{9A19103F-16F7-4668-BE54-9A1E7A4F7556}") = "Ejercicio I02 - Registrate", "Ejercicio I02 - Registrate\Ejercicio I02 - Registrate.csproj", "{A784E5DC-537D-4F37-9A75-E253F7047B90}"
EndProject
Project("{9A19103F-16F7-4668-BE54-9A1E7A4F7556}") = "BibliotecaRegistrate", "BibliotecaRegistrate\BibliotecaRegistrate.csproj", "{022A195C-D85D-41CC-94C1-1FBCAB06AB8E}"
EndProject
Project("{2150E333-8FDC-42A3-9474-1A3956D46DE8}") = "Clase 7", "Clase 7", "{93AD304C-92A2-4C31-80AB-27CEF42196EA}"
EndProject
Project("{FAE04EC0-301F-11D3-BF4B-00C04F79EFBC}") = "Anotaciones [Clase 7]", "Anotaciones [Clase 7]\Anotaciones [Clase 7].csproj", "{ED14239E-65F3-4CB2-AA34-16FF62F652E2}"
EndProject
Global
	GlobalSection(SolutionConfigurationPlatforms) = preSolution
		Debug|Any CPU = Debug|Any CPU
		Release|Any CPU = Release|Any CPU
	EndGlobalSection
	GlobalSection(ProjectConfigurationPlatforms) = postSolution
		{1760115D-8801-4CCE-A296-C471410F7428}.Debug|Any CPU.ActiveCfg = Debug|Any CPU
		{1760115D-8801-4CCE-A296-C471410F7428}.Debug|Any CPU.Build.0 = Debug|Any CPU
		{1760115D-8801-4CCE-A296-C471410F7428}.Release|Any CPU.ActiveCfg = Release|Any CPU
		{1760115D-8801-4CCE-A296-C471410F7428}.Release|Any CPU.Build.0 = Release|Any CPU
		{7204FAB1-BE82-488E-8A0A-3AD6967446C2}.Debug|Any CPU.ActiveCfg = Debug|Any CPU
		{7204FAB1-BE82-488E-8A0A-3AD6967446C2}.Debug|Any CPU.Build.0 = Debug|Any CPU
		{7204FAB1-BE82-488E-8A0A-3AD6967446C2}.Release|Any CPU.ActiveCfg = Release|Any CPU
		{7204FAB1-BE82-488E-8A0A-3AD6967446C2}.Release|Any CPU.Build.0 = Release|Any CPU
		{5ADDCC1B-7CB6-455E-A54B-D15F5ABF9483}.Debug|Any CPU.ActiveCfg = Debug|Any CPU
		{5ADDCC1B-7CB6-455E-A54B-D15F5ABF9483}.Debug|Any CPU.Build.0 = Debug|Any CPU
		{5ADDCC1B-7CB6-455E-A54B-D15F5ABF9483}.Release|Any CPU.ActiveCfg = Release|Any CPU
		{5ADDCC1B-7CB6-455E-A54B-D15F5ABF9483}.Release|Any CPU.Build.0 = Release|Any CPU
		{A0668F84-0EE7-49FE-8BA8-B3A247263724}.Debug|Any CPU.ActiveCfg = Debug|Any CPU
		{A0668F84-0EE7-49FE-8BA8-B3A247263724}.Debug|Any CPU.Build.0 = Debug|Any CPU
		{A0668F84-0EE7-49FE-8BA8-B3A247263724}.Release|Any CPU.ActiveCfg = Release|Any CPU
		{A0668F84-0EE7-49FE-8BA8-B3A247263724}.Release|Any CPU.Build.0 = Release|Any CPU
		{4A3EB6C7-0500-4DAE-9891-761F7A66CD7A}.Debug|Any CPU.ActiveCfg = Debug|Any CPU
		{4A3EB6C7-0500-4DAE-9891-761F7A66CD7A}.Debug|Any CPU.Build.0 = Debug|Any CPU
		{4A3EB6C7-0500-4DAE-9891-761F7A66CD7A}.Release|Any CPU.ActiveCfg = Release|Any CPU
		{4A3EB6C7-0500-4DAE-9891-761F7A66CD7A}.Release|Any CPU.Build.0 = Release|Any CPU
		{5612EDF0-9ABE-4E24-8336-402ABB29D42B}.Debug|Any CPU.ActiveCfg = Debug|Any CPU
		{5612EDF0-9ABE-4E24-8336-402ABB29D42B}.Debug|Any CPU.Build.0 = Debug|Any CPU
		{5612EDF0-9ABE-4E24-8336-402ABB29D42B}.Release|Any CPU.ActiveCfg = Release|Any CPU
		{5612EDF0-9ABE-4E24-8336-402ABB29D42B}.Release|Any CPU.Build.0 = Release|Any CPU
		{F8E564EE-86B7-4F32-BCB3-87D434C370AB}.Debug|Any CPU.ActiveCfg = Debug|Any CPU
		{F8E564EE-86B7-4F32-BCB3-87D434C370AB}.Debug|Any CPU.Build.0 = Debug|Any CPU
		{F8E564EE-86B7-4F32-BCB3-87D434C370AB}.Release|Any CPU.ActiveCfg = Release|Any CPU
		{F8E564EE-86B7-4F32-BCB3-87D434C370AB}.Release|Any CPU.Build.0 = Release|Any CPU
		{DBC8B703-6D65-42BB-953A-B4F3E77B4741}.Debug|Any CPU.ActiveCfg = Debug|Any CPU
		{DBC8B703-6D65-42BB-953A-B4F3E77B4741}.Debug|Any CPU.Build.0 = Debug|Any CPU
		{DBC8B703-6D65-42BB-953A-B4F3E77B4741}.Release|Any CPU.ActiveCfg = Release|Any CPU
		{DBC8B703-6D65-42BB-953A-B4F3E77B4741}.Release|Any CPU.Build.0 = Release|Any CPU
		{C247BD03-8988-434B-AB87-69AE2E72430C}.Debug|Any CPU.ActiveCfg = Debug|Any CPU
		{C247BD03-8988-434B-AB87-69AE2E72430C}.Debug|Any CPU.Build.0 = Debug|Any CPU
		{C247BD03-8988-434B-AB87-69AE2E72430C}.Release|Any CPU.ActiveCfg = Release|Any CPU
		{C247BD03-8988-434B-AB87-69AE2E72430C}.Release|Any CPU.Build.0 = Release|Any CPU
		{EBFAB012-D5A0-4D45-9410-441F97C04620}.Debug|Any CPU.ActiveCfg = Debug|Any CPU
		{EBFAB012-D5A0-4D45-9410-441F97C04620}.Debug|Any CPU.Build.0 = Debug|Any CPU
		{EBFAB012-D5A0-4D45-9410-441F97C04620}.Release|Any CPU.ActiveCfg = Release|Any CPU
		{EBFAB012-D5A0-4D45-9410-441F97C04620}.Release|Any CPU.Build.0 = Release|Any CPU
		{65B24B21-0498-4978-B958-77909019D806}.Debug|Any CPU.ActiveCfg = Debug|Any CPU
		{65B24B21-0498-4978-B958-77909019D806}.Debug|Any CPU.Build.0 = Debug|Any CPU
		{65B24B21-0498-4978-B958-77909019D806}.Release|Any CPU.ActiveCfg = Release|Any CPU
		{65B24B21-0498-4978-B958-77909019D806}.Release|Any CPU.Build.0 = Release|Any CPU
		{E0A39BD1-DC83-4EF0-A2ED-7C0A6F7CE2A2}.Debug|Any CPU.ActiveCfg = Debug|Any CPU
		{E0A39BD1-DC83-4EF0-A2ED-7C0A6F7CE2A2}.Debug|Any CPU.Build.0 = Debug|Any CPU
		{E0A39BD1-DC83-4EF0-A2ED-7C0A6F7CE2A2}.Release|Any CPU.ActiveCfg = Release|Any CPU
		{E0A39BD1-DC83-4EF0-A2ED-7C0A6F7CE2A2}.Release|Any CPU.Build.0 = Release|Any CPU
		{747C0E06-C36E-4959-8896-F349682D205D}.Debug|Any CPU.ActiveCfg = Debug|Any CPU
		{747C0E06-C36E-4959-8896-F349682D205D}.Debug|Any CPU.Build.0 = Debug|Any CPU
		{747C0E06-C36E-4959-8896-F349682D205D}.Release|Any CPU.ActiveCfg = Release|Any CPU
		{747C0E06-C36E-4959-8896-F349682D205D}.Release|Any CPU.Build.0 = Release|Any CPU
		{CE10D235-8158-438C-AFF7-DDA0352D23CD}.Debug|Any CPU.ActiveCfg = Debug|Any CPU
		{CE10D235-8158-438C-AFF7-DDA0352D23CD}.Debug|Any CPU.Build.0 = Debug|Any CPU
		{CE10D235-8158-438C-AFF7-DDA0352D23CD}.Release|Any CPU.ActiveCfg = Release|Any CPU
		{CE10D235-8158-438C-AFF7-DDA0352D23CD}.Release|Any CPU.Build.0 = Release|Any CPU
		{5399E7EB-D293-4C69-94DE-595305BDA194}.Debug|Any CPU.ActiveCfg = Debug|Any CPU
		{5399E7EB-D293-4C69-94DE-595305BDA194}.Debug|Any CPU.Build.0 = Debug|Any CPU
		{5399E7EB-D293-4C69-94DE-595305BDA194}.Release|Any CPU.ActiveCfg = Release|Any CPU
		{5399E7EB-D293-4C69-94DE-595305BDA194}.Release|Any CPU.Build.0 = Release|Any CPU
		{137069D2-F6EF-4814-8D5C-EC69F845D7DC}.Debug|Any CPU.ActiveCfg = Debug|Any CPU
		{137069D2-F6EF-4814-8D5C-EC69F845D7DC}.Debug|Any CPU.Build.0 = Debug|Any CPU
		{137069D2-F6EF-4814-8D5C-EC69F845D7DC}.Release|Any CPU.ActiveCfg = Release|Any CPU
		{137069D2-F6EF-4814-8D5C-EC69F845D7DC}.Release|Any CPU.Build.0 = Release|Any CPU
		{D7B7A67E-A836-4888-AFF6-0AD2DBD0CAAC}.Debug|Any CPU.ActiveCfg = Debug|Any CPU
		{D7B7A67E-A836-4888-AFF6-0AD2DBD0CAAC}.Debug|Any CPU.Build.0 = Debug|Any CPU
		{D7B7A67E-A836-4888-AFF6-0AD2DBD0CAAC}.Release|Any CPU.ActiveCfg = Release|Any CPU
		{D7B7A67E-A836-4888-AFF6-0AD2DBD0CAAC}.Release|Any CPU.Build.0 = Release|Any CPU
		{A784E5DC-537D-4F37-9A75-E253F7047B90}.Debug|Any CPU.ActiveCfg = Debug|Any CPU
		{A784E5DC-537D-4F37-9A75-E253F7047B90}.Debug|Any CPU.Build.0 = Debug|Any CPU
		{A784E5DC-537D-4F37-9A75-E253F7047B90}.Release|Any CPU.ActiveCfg = Release|Any CPU
		{A784E5DC-537D-4F37-9A75-E253F7047B90}.Release|Any CPU.Build.0 = Release|Any CPU
		{022A195C-D85D-41CC-94C1-1FBCAB06AB8E}.Debug|Any CPU.ActiveCfg = Debug|Any CPU
		{022A195C-D85D-41CC-94C1-1FBCAB06AB8E}.Debug|Any CPU.Build.0 = Debug|Any CPU
		{022A195C-D85D-41CC-94C1-1FBCAB06AB8E}.Release|Any CPU.ActiveCfg = Release|Any CPU
		{022A195C-D85D-41CC-94C1-1FBCAB06AB8E}.Release|Any CPU.Build.0 = Release|Any CPU
		{ED14239E-65F3-4CB2-AA34-16FF62F652E2}.Debug|Any CPU.ActiveCfg = Debug|Any CPU
		{ED14239E-65F3-4CB2-AA34-16FF62F652E2}.Debug|Any CPU.Build.0 = Debug|Any CPU
		{ED14239E-65F3-4CB2-AA34-16FF62F652E2}.Release|Any CPU.ActiveCfg = Release|Any CPU
		{ED14239E-65F3-4CB2-AA34-16FF62F652E2}.Release|Any CPU.Build.0 = Release|Any CPU
	EndGlobalSection
	GlobalSection(SolutionProperties) = preSolution
		HideSolutionNode = FALSE
	EndGlobalSection
	GlobalSection(NestedProjects) = preSolution
		{1760115D-8801-4CCE-A296-C471410F7428} = {F5A2DBBE-CAE8-44E5-B3EC-9555315E36B7}
		{7204FAB1-BE82-488E-8A0A-3AD6967446C2} = {F5A2DBBE-CAE8-44E5-B3EC-9555315E36B7}
		{5ADDCC1B-7CB6-455E-A54B-D15F5ABF9483} = {D7A2BFF7-0522-42C2-BA0E-6D88CA232321}
		{A0668F84-0EE7-49FE-8BA8-B3A247263724} = {D7A2BFF7-0522-42C2-BA0E-6D88CA232321}
		{4A3EB6C7-0500-4DAE-9891-761F7A66CD7A} = {D7A2BFF7-0522-42C2-BA0E-6D88CA232321}
		{5612EDF0-9ABE-4E24-8336-402ABB29D42B} = {D7A2BFF7-0522-42C2-BA0E-6D88CA232321}
		{F8E564EE-86B7-4F32-BCB3-87D434C370AB} = {D7A2BFF7-0522-42C2-BA0E-6D88CA232321}
		{DBC8B703-6D65-42BB-953A-B4F3E77B4741} = {AB2E66C9-39BD-4BC7-9B9A-3C88EE811809}
		{C247BD03-8988-434B-AB87-69AE2E72430C} = {AB2E66C9-39BD-4BC7-9B9A-3C88EE811809}
		{EBFAB012-D5A0-4D45-9410-441F97C04620} = {AB2E66C9-39BD-4BC7-9B9A-3C88EE811809}
		{65B24B21-0498-4978-B958-77909019D806} = {AB2E66C9-39BD-4BC7-9B9A-3C88EE811809}
		{E0A39BD1-DC83-4EF0-A2ED-7C0A6F7CE2A2} = {AB2E66C9-39BD-4BC7-9B9A-3C88EE811809}
		{747C0E06-C36E-4959-8896-F349682D205D} = {C583FB42-C8F3-4A42-832F-104570AAACB5}
		{CE10D235-8158-438C-AFF7-DDA0352D23CD} = {C583FB42-C8F3-4A42-832F-104570AAACB5}
		{5399E7EB-D293-4C69-94DE-595305BDA194} = {D7A2BFF7-0522-42C2-BA0E-6D88CA232321}
		{137069D2-F6EF-4814-8D5C-EC69F845D7DC} = {184CE08B-C201-4C01-A49A-A075224D0BEA}
		{D7B7A67E-A836-4888-AFF6-0AD2DBD0CAAC} = {8FF1936E-668A-4B4F-9C47-06E301194878}
		{A784E5DC-537D-4F37-9A75-E253F7047B90} = {8FF1936E-668A-4B4F-9C47-06E301194878}
		{022A195C-D85D-41CC-94C1-1FBCAB06AB8E} = {8FF1936E-668A-4B4F-9C47-06E301194878}
		{ED14239E-65F3-4CB2-AA34-16FF62F652E2} = {93AD304C-92A2-4C31-80AB-27CEF42196EA}
	EndGlobalSection
	GlobalSection(ExtensibilityGlobals) = postSolution
		SolutionGuid = {22252FEF-1937-4A26-93E4-57B85D8286DC}
	EndGlobalSection
EndGlobal
