
Microsoft Visual Studio Solution File, Format Version 12.00
# Visual Studio Version 17
VisualStudioVersion = 17.3.32811.315
MinimumVisualStudioVersion = 10.0.40219.1
Project("{FAE04EC0-301F-11D3-BF4B-00C04F79EFBC}") = "Ejercicio I01 - Máximo, mínimo y promedio", "Ejercicio I01 - Máximo, mínimo y promedio\Ejercicio I01 - Máximo, mínimo y promedio.csproj", "{1760115D-8801-4CCE-A296-C471410F7428}"
EndProject
Project("{2150E333-8FDC-42A3-9474-1A3956D46DE8}") = "Clase 1", "Clase 1", "{F5A2DBBE-CAE8-44E5-B3EC-9555315E36B7}"
EndProject
Project("{FAE04EC0-301F-11D3-BF4B-00C04F79EFBC}") = "Anotaciones [Clase 1]", "Anotaciones [Clase 1]\Anotaciones [Clase 1].csproj", "{7204FAB1-BE82-488E-8A0A-3AD6967446C2}"
EndProject
Global
	GlobalSection(SolutionConfigurationPlatforms) = preSolution
		Debug|Any CPU = Debug|Any CPU
		Release|Any CPU = Release|Any CPU
	EndGlobalSection
	GlobalSection(ProjectConfigurationPlatforms) = postSolution
		{1760115D-8801-4CCE-A296-C471410F7428}.Debug|Any CPU.ActiveCfg = Debug|Any CPU
		{1760115D-8801-4CCE-A296-C471410F7428}.Debug|Any CPU.Build.0 = Debug|Any CPU
		{1760115D-8801-4CCE-A296-C471410F7428}.Release|Any CPU.ActiveCfg = Release|Any CPU
		{1760115D-8801-4CCE-A296-C471410F7428}.Release|Any CPU.Build.0 = Release|Any CPU
		{7204FAB1-BE82-488E-8A0A-3AD6967446C2}.Debug|Any CPU.ActiveCfg = Debug|Any CPU
		{7204FAB1-BE82-488E-8A0A-3AD6967446C2}.Debug|Any CPU.Build.0 = Debug|Any CPU
		{7204FAB1-BE82-488E-8A0A-3AD6967446C2}.Release|Any CPU.ActiveCfg = Release|Any CPU
		{7204FAB1-BE82-488E-8A0A-3AD6967446C2}.Release|Any CPU.Build.0 = Release|Any CPU
	EndGlobalSection
	GlobalSection(SolutionProperties) = preSolution
		HideSolutionNode = FALSE
	EndGlobalSection
	GlobalSection(NestedProjects) = preSolution
		{1760115D-8801-4CCE-A296-C471410F7428} = {F5A2DBBE-CAE8-44E5-B3EC-9555315E36B7}
		{7204FAB1-BE82-488E-8A0A-3AD6967446C2} = {F5A2DBBE-CAE8-44E5-B3EC-9555315E36B7}
	EndGlobalSection
	GlobalSection(ExtensibilityGlobals) = postSolution
		SolutionGuid = {22252FEF-1937-4A26-93E4-57B85D8286DC}
	EndGlobalSection
EndGlobal
