
Microsoft Visual Studio Solution File, Format Version 12.00
# Visual Studio Version 17
VisualStudioVersion = 17.3.32811.315
MinimumVisualStudioVersion = 10.0.40219.1
Project("{9A19103F-16F7-4668-BE54-9A1E7A4F7556}") = "Ejercicio I01 - Máximo, mínimo y promedio", "Ejercicio I01 - Máximo, mínimo y promedio\Ejercicio I01 - Máximo, mínimo y promedio.csproj", "{1760115D-8801-4CCE-A296-C471410F7428}"
EndProject
Project("{2150E333-8FDC-42A3-9474-1A3956D46DE8}") = "Clase 1", "Clase 1", "{F5A2DBBE-CAE8-44E5-B3EC-9555315E36B7}"
EndProject
Project("{9A19103F-16F7-4668-BE54-9A1E7A4F7556}") = "Anotaciones [Clase 1]", "Anotaciones [Clase 1]\Anotaciones [Clase 1].csproj", "{7204FAB1-BE82-488E-8A0A-3AD6967446C2}"
EndProject
Project("{2150E333-8FDC-42A3-9474-1A3956D46DE8}") = "Clase 2", "Clase 2", "{D7A2BFF7-0522-42C2-BA0E-6D88CA232321}"
EndProject
Project("{9A19103F-16F7-4668-BE54-9A1E7A4F7556}") = "Anotaciones [Clase 2]", "Anotaciones [Clase 2]\Anotaciones [Clase 2].csproj", "{5ADDCC1B-7CB6-455E-A54B-D15F5ABF9483}"
EndProject
Project("{9A19103F-16F7-4668-BE54-9A1E7A4F7556}") = "Ejercicio I01 - Creo que necesito un préstamo", "Ejercicio I01 - Creo que necesito un préstamo\Ejercicio I01 - Creo que necesito un préstamo.csproj", "{A0668F84-0EE7-49FE-8BA8-B3A247263724}"
EndProject
Project("{9A19103F-16F7-4668-BE54-9A1E7A4F7556}") = "BibliotecaDeClases", "BibliotecaDeClases\BibliotecaDeClases.csproj", "{4A3EB6C7-0500-4DAE-9891-761F7A66CD7A}"
EndProject
Project("{9A19103F-16F7-4668-BE54-9A1E7A4F7556}") = "Ejercicio I02 - Vos cuántas primaveras tenés", "Ejercicio I02 - Vos cuántas primaveras tenés\Ejercicio I02 - Vos cuántas primaveras tenés.csproj", "{5612EDF0-9ABE-4E24-8336-402ABB29D42B}"
EndProject
Project("{FAE04EC0-301F-11D3-BF4B-00C04F79EFBC}") = "Ejercicio I03 - El ejemplo universal", "Ejercicio I03 - El ejemplo universal\Ejercicio I03 - El ejemplo universal.csproj", "{F8E564EE-86B7-4F32-BCB3-87D434C370AB}"
EndProject
Global
	GlobalSection(SolutionConfigurationPlatforms) = preSolution
		Debug|Any CPU = Debug|Any CPU
		Release|Any CPU = Release|Any CPU
	EndGlobalSection
	GlobalSection(ProjectConfigurationPlatforms) = postSolution
		{1760115D-8801-4CCE-A296-C471410F7428}.Debug|Any CPU.ActiveCfg = Debug|Any CPU
		{1760115D-8801-4CCE-A296-C471410F7428}.Debug|Any CPU.Build.0 = Debug|Any CPU
		{1760115D-8801-4CCE-A296-C471410F7428}.Release|Any CPU.ActiveCfg = Release|Any CPU
		{1760115D-8801-4CCE-A296-C471410F7428}.Release|Any CPU.Build.0 = Release|Any CPU
		{7204FAB1-BE82-488E-8A0A-3AD6967446C2}.Debug|Any CPU.ActiveCfg = Debug|Any CPU
		{7204FAB1-BE82-488E-8A0A-3AD6967446C2}.Debug|Any CPU.Build.0 = Debug|Any CPU
		{7204FAB1-BE82-488E-8A0A-3AD6967446C2}.Release|Any CPU.ActiveCfg = Release|Any CPU
		{7204FAB1-BE82-488E-8A0A-3AD6967446C2}.Release|Any CPU.Build.0 = Release|Any CPU
		{5ADDCC1B-7CB6-455E-A54B-D15F5ABF9483}.Debug|Any CPU.ActiveCfg = Debug|Any CPU
		{5ADDCC1B-7CB6-455E-A54B-D15F5ABF9483}.Debug|Any CPU.Build.0 = Debug|Any CPU
		{5ADDCC1B-7CB6-455E-A54B-D15F5ABF9483}.Release|Any CPU.ActiveCfg = Release|Any CPU
		{5ADDCC1B-7CB6-455E-A54B-D15F5ABF9483}.Release|Any CPU.Build.0 = Release|Any CPU
		{A0668F84-0EE7-49FE-8BA8-B3A247263724}.Debug|Any CPU.ActiveCfg = Debug|Any CPU
		{A0668F84-0EE7-49FE-8BA8-B3A247263724}.Debug|Any CPU.Build.0 = Debug|Any CPU
		{A0668F84-0EE7-49FE-8BA8-B3A247263724}.Release|Any CPU.ActiveCfg = Release|Any CPU
		{A0668F84-0EE7-49FE-8BA8-B3A247263724}.Release|Any CPU.Build.0 = Release|Any CPU
		{4A3EB6C7-0500-4DAE-9891-761F7A66CD7A}.Debug|Any CPU.ActiveCfg = Debug|Any CPU
		{4A3EB6C7-0500-4DAE-9891-761F7A66CD7A}.Debug|Any CPU.Build.0 = Debug|Any CPU
		{4A3EB6C7-0500-4DAE-9891-761F7A66CD7A}.Release|Any CPU.ActiveCfg = Release|Any CPU
		{4A3EB6C7-0500-4DAE-9891-761F7A66CD7A}.Release|Any CPU.Build.0 = Release|Any CPU
		{5612EDF0-9ABE-4E24-8336-402ABB29D42B}.Debug|Any CPU.ActiveCfg = Debug|Any CPU
		{5612EDF0-9ABE-4E24-8336-402ABB29D42B}.Debug|Any CPU.Build.0 = Debug|Any CPU
		{5612EDF0-9ABE-4E24-8336-402ABB29D42B}.Release|Any CPU.ActiveCfg = Release|Any CPU
		{5612EDF0-9ABE-4E24-8336-402ABB29D42B}.Release|Any CPU.Build.0 = Release|Any CPU
		{F8E564EE-86B7-4F32-BCB3-87D434C370AB}.Debug|Any CPU.ActiveCfg = Debug|Any CPU
		{F8E564EE-86B7-4F32-BCB3-87D434C370AB}.Debug|Any CPU.Build.0 = Debug|Any CPU
		{F8E564EE-86B7-4F32-BCB3-87D434C370AB}.Release|Any CPU.ActiveCfg = Release|Any CPU
		{F8E564EE-86B7-4F32-BCB3-87D434C370AB}.Release|Any CPU.Build.0 = Release|Any CPU
	EndGlobalSection
	GlobalSection(SolutionProperties) = preSolution
		HideSolutionNode = FALSE
	EndGlobalSection
	GlobalSection(NestedProjects) = preSolution
		{1760115D-8801-4CCE-A296-C471410F7428} = {F5A2DBBE-CAE8-44E5-B3EC-9555315E36B7}
		{7204FAB1-BE82-488E-8A0A-3AD6967446C2} = {F5A2DBBE-CAE8-44E5-B3EC-9555315E36B7}
		{5ADDCC1B-7CB6-455E-A54B-D15F5ABF9483} = {D7A2BFF7-0522-42C2-BA0E-6D88CA232321}
		{A0668F84-0EE7-49FE-8BA8-B3A247263724} = {D7A2BFF7-0522-42C2-BA0E-6D88CA232321}
		{4A3EB6C7-0500-4DAE-9891-761F7A66CD7A} = {D7A2BFF7-0522-42C2-BA0E-6D88CA232321}
		{5612EDF0-9ABE-4E24-8336-402ABB29D42B} = {D7A2BFF7-0522-42C2-BA0E-6D88CA232321}
		{F8E564EE-86B7-4F32-BCB3-87D434C370AB} = {D7A2BFF7-0522-42C2-BA0E-6D88CA232321}
	EndGlobalSection
	GlobalSection(ExtensibilityGlobals) = postSolution
		SolutionGuid = {22252FEF-1937-4A26-93E4-57B85D8286DC}
	EndGlobalSection
EndGlobal
