
Microsoft Visual Studio Solution File, Format Version 12.00
# Visual Studio Version 16
VisualStudioVersion = 16.0.31624.102
MinimumVisualStudioVersion = 10.0.40219.1
Project("{FAE04EC0-301F-11D3-BF4B-00C04F79EFBC}") = "EjerEncap1", "EjerEncap1\EjerEncap1.csproj", "{BBD2E925-F2A4-491A-B44A-811EE778EA15}"
EndProject
Project("{FAE04EC0-301F-11D3-BF4B-00C04F79EFBC}") = "Entidades", "Entidades\Entidades.csproj", "{91AF3775-CFEC-4BA5-ACE7-881CECD7002D}"
EndProject
Global
	GlobalSection(SolutionConfigurationPlatforms) = preSolution
		Debug|Any CPU = Debug|Any CPU
		Release|Any CPU = Release|Any CPU
	EndGlobalSection
	GlobalSection(ProjectConfigurationPlatforms) = postSolution
		{BBD2E925-F2A4-491A-B44A-811EE778EA15}.Debug|Any CPU.ActiveCfg = Debug|Any CPU
		{BBD2E925-F2A4-491A-B44A-811EE778EA15}.Debug|Any CPU.Build.0 = Debug|Any CPU
		{BBD2E925-F2A4-491A-B44A-811EE778EA15}.Release|Any CPU.ActiveCfg = Release|Any CPU
		{BBD2E925-F2A4-491A-B44A-811EE778EA15}.Release|Any CPU.Build.0 = Release|Any CPU
		{91AF3775-CFEC-4BA5-ACE7-881CECD7002D}.Debug|Any CPU.ActiveCfg = Debug|Any CPU
		{91AF3775-CFEC-4BA5-ACE7-881CECD7002D}.Debug|Any CPU.Build.0 = Debug|Any CPU
		{91AF3775-CFEC-4BA5-ACE7-881CECD7002D}.Release|Any CPU.ActiveCfg = Release|Any CPU
		{91AF3775-CFEC-4BA5-ACE7-881CECD7002D}.Release|Any CPU.Build.0 = Release|Any CPU
	EndGlobalSection
	GlobalSection(SolutionProperties) = preSolution
		HideSolutionNode = FALSE
	EndGlobalSection
	GlobalSection(ExtensibilityGlobals) = postSolution
		SolutionGuid = {0F2E014A-7311-40BA-AAEE-92D737FCCCFB}
	EndGlobalSection
EndGlobal
